// !$*UTF8*$!
{
	archiveVersion = 1;
	classes = {
	};
	objectVersion = 46;
	objects = {

/* Begin PBXBuildFile section */
		BC4CF12D1C9D8F2B001A32C2 /* main.m in Sources */ = {isa = PBXBuildFile; fileRef = BC4CF12C1C9D8F2B001A32C2 /* main.m */; };
		BC4CF1301C9D8F2B001A32C2 /* AppDelegate.m in Sources */ = {isa = PBXBuildFile; fileRef = BC4CF12F1C9D8F2B001A32C2 /* AppDelegate.m */; };
		BC4CF1331C9D8F2B001A32C2 /* ViewController.m in Sources */ = {isa = PBXBuildFile; fileRef = BC4CF1321C9D8F2B001A32C2 /* ViewController.m */; };
		BC4CF1361C9D8F2B001A32C2 /* Main.storyboard in Resources */ = {isa = PBXBuildFile; fileRef = BC4CF1341C9D8F2B001A32C2 /* Main.storyboard */; };
		BC4CF1381C9D8F2B001A32C2 /* Assets.xcassets in Resources */ = {isa = PBXBuildFile; fileRef = BC4CF1371C9D8F2B001A32C2 /* Assets.xcassets */; };
		BC4CF13B1C9D8F2B001A32C2 /* LaunchScreen.storyboard in Resources */ = {isa = PBXBuildFile; fileRef = BC4CF1391C9D8F2B001A32C2 /* LaunchScreen.storyboard */; };
		BC4CF1491C9D91EC001A32C2 /* 0.jpg in Resources */ = {isa = PBXBuildFile; fileRef = BC4CF1431C9D91EC001A32C2 /* 0.jpg */; };
		BC4CF14A1C9D91EC001A32C2 /* 1.jpg in Resources */ = {isa = PBXBuildFile; fileRef = BC4CF1441C9D91EC001A32C2 /* 1.jpg */; };
		BC4CF14B1C9D91EC001A32C2 /* 2.jpg in Resources */ = {isa = PBXBuildFile; fileRef = BC4CF1451C9D91EC001A32C2 /* 2.jpg */; };
		BC4CF14C1C9D91EC001A32C2 /* 3.jpg in Resources */ = {isa = PBXBuildFile; fileRef = BC4CF1461C9D91EC001A32C2 /* 3.jpg */; };
		BC4CF14D1C9D91EC001A32C2 /* 4.jpg in Resources */ = {isa = PBXBuildFile; fileRef = BC4CF1471C9D91EC001A32C2 /* 4.jpg */; };
		BC4CF14E1C9D91EC001A32C2 /* 5.jpg in Resources */ = {isa = PBXBuildFile; fileRef = BC4CF1481C9D91EC001A32C2 /* 5.jpg */; };
		BC4CF1611C9D943A001A32C2 /* DanmakuView.m in Sources */ = {isa = PBXBuildFile; fileRef = BC4CF1511C9D943A001A32C2 /* DanmakuView.m */; };
		BC4CF1621C9D943A001A32C2 /* DanmakuBaseModel.m in Sources */ = {isa = PBXBuildFile; fileRef = BC4CF1541C9D943A001A32C2 /* DanmakuBaseModel.m */; };
		BC4CF1631C9D943A001A32C2 /* DanmakuTime.m in Sources */ = {isa = PBXBuildFile; fileRef = BC4CF1561C9D943A001A32C2 /* DanmakuTime.m */; };
		BC4CF1641C9D943A001A32C2 /* DanmakuRenderer.m in Sources */ = {isa = PBXBuildFile; fileRef = BC4CF1591C9D943A001A32C2 /* DanmakuRenderer.m */; };
		BC4CF1651C9D943A001A32C2 /* DanmakuRetainer.m in Sources */ = {isa = PBXBuildFile; fileRef = BC4CF15B1C9D943A001A32C2 /* DanmakuRetainer.m */; };
		BC4CF1661C9D943A001A32C2 /* DanmakuFactory.m in Sources */ = {isa = PBXBuildFile; fileRef = BC4CF15E1C9D943A001A32C2 /* DanmakuFactory.m */; };
		BC4CF1671C9D943A001A32C2 /* DanmakuFilter.m in Sources */ = {isa = PBXBuildFile; fileRef = BC4CF1601C9D943A001A32C2 /* DanmakuFilter.m */; };
		BC4CF1691C9D9468001A32C2 /* danmakufile in Resources */ = {isa = PBXBuildFile; fileRef = BC4CF1681C9D9468001A32C2 /* danmakufile */; };
/* End PBXBuildFile section */

/* Begin PBXFileReference section */
		BC4CF1281C9D8F2B001A32C2 /* SuDanmu.app */ = {isa = PBXFileReference; explicitFileType = wrapper.application; includeInIndex = 0; path = SuDanmu.app; sourceTree = BUILT_PRODUCTS_DIR; };
		BC4CF12C1C9D8F2B001A32C2 /* main.m */ = {isa = PBXFileReference; lastKnownFileType = sourcecode.c.objc; path = main.m; sourceTree = "<group>"; };
		BC4CF12E1C9D8F2B001A32C2 /* AppDelegate.h */ = {isa = PBXFileReference; lastKnownFileType = sourcecode.c.h; path = AppDelegate.h; sourceTree = "<group>"; };
		BC4CF12F1C9D8F2B001A32C2 /* AppDelegate.m */ = {isa = PBXFileReference; lastKnownFileType = sourcecode.c.objc; path = AppDelegate.m; sourceTree = "<group>"; };
		BC4CF1311C9D8F2B001A32C2 /* ViewController.h */ = {isa = PBXFileReference; lastKnownFileType = sourcecode.c.h; path = ViewController.h; sourceTree = "<group>"; };
		BC4CF1321C9D8F2B001A32C2 /* ViewController.m */ = {isa = PBXFileReference; lastKnownFileType = sourcecode.c.objc; path = ViewController.m; sourceTree = "<group>"; };
		BC4CF1351C9D8F2B001A32C2 /* Base */ = {isa = PBXFileReference; lastKnownFileType = file.storyboard; name = Base; path = Base.lproj/Main.storyboard; sourceTree = "<group>"; };
		BC4CF1371C9D8F2B001A32C2 /* Assets.xcassets */ = {isa = PBXFileReference; lastKnownFileType = folder.assetcatalog; path = Assets.xcassets; sourceTree = "<group>"; };
		BC4CF13A1C9D8F2B001A32C2 /* Base */ = {isa = PBXFileReference; lastKnownFileType = file.storyboard; name = Base; path = Base.lproj/LaunchScreen.storyboard; sourceTree = "<group>"; };
		BC4CF13C1C9D8F2B001A32C2 /* Info.plist */ = {isa = PBXFileReference; lastKnownFileType = text.plist.xml; path = Info.plist; sourceTree = "<group>"; };
		BC4CF1431C9D91EC001A32C2 /* 0.jpg */ = {isa = PBXFileReference; lastKnownFileType = image.jpeg; path = 0.jpg; sourceTree = "<group>"; };
		BC4CF1441C9D91EC001A32C2 /* 1.jpg */ = {isa = PBXFileReference; lastKnownFileType = image.jpeg; path = 1.jpg; sourceTree = "<group>"; };
		BC4CF1451C9D91EC001A32C2 /* 2.jpg */ = {isa = PBXFileReference; lastKnownFileType = image.jpeg; path = 2.jpg; sourceTree = "<group>"; };
		BC4CF1461C9D91EC001A32C2 /* 3.jpg */ = {isa = PBXFileReference; lastKnownFileType = image.jpeg; path = 3.jpg; sourceTree = "<group>"; };
		BC4CF1471C9D91EC001A32C2 /* 4.jpg */ = {isa = PBXFileReference; lastKnownFileType = image.jpeg; path = 4.jpg; sourceTree = "<group>"; };
		BC4CF1481C9D91EC001A32C2 /* 5.jpg */ = {isa = PBXFileReference; lastKnownFileType = image.jpeg; path = 5.jpg; sourceTree = "<group>"; };
		BC4CF1501C9D943A001A32C2 /* DanmakuView.h */ = {isa = PBXFileReference; fileEncoding = 4; lastKnownFileType = sourcecode.c.h; path = DanmakuView.h; sourceTree = "<group>"; };
		BC4CF1511C9D943A001A32C2 /* DanmakuView.m */ = {isa = PBXFileReference; fileEncoding = 4; lastKnownFileType = sourcecode.c.objc; path = DanmakuView.m; sourceTree = "<group>"; };
		BC4CF1531C9D943A001A32C2 /* DanmakuBaseModel.h */ = {isa = PBXFileReference; fileEncoding = 4; lastKnownFileType = sourcecode.c.h; path = DanmakuBaseModel.h; sourceTree = "<group>"; };
		BC4CF1541C9D943A001A32C2 /* DanmakuBaseModel.m */ = {isa = PBXFileReference; fileEncoding = 4; lastKnownFileType = sourcecode.c.objc; path = DanmakuBaseModel.m; sourceTree = "<group>"; };
		BC4CF1551C9D943A001A32C2 /* DanmakuTime.h */ = {isa = PBXFileReference; fileEncoding = 4; lastKnownFileType = sourcecode.c.h; path = DanmakuTime.h; sourceTree = "<group>"; };
		BC4CF1561C9D943A001A32C2 /* DanmakuTime.m */ = {isa = PBXFileReference; fileEncoding = 4; lastKnownFileType = sourcecode.c.objc; path = DanmakuTime.m; sourceTree = "<group>"; };
		BC4CF1581C9D943A001A32C2 /* DanmakuRenderer.h */ = {isa = PBXFileReference; fileEncoding = 4; lastKnownFileType = sourcecode.c.h; path = DanmakuRenderer.h; sourceTree = "<group>"; };
		BC4CF1591C9D943A001A32C2 /* DanmakuRenderer.m */ = {isa = PBXFileReference; fileEncoding = 4; lastKnownFileType = sourcecode.c.objc; path = DanmakuRenderer.m; sourceTree = "<group>"; };
		BC4CF15A1C9D943A001A32C2 /* DanmakuRetainer.h */ = {isa = PBXFileReference; fileEncoding = 4; lastKnownFileType = sourcecode.c.h; path = DanmakuRetainer.h; sourceTree = "<group>"; };
		BC4CF15B1C9D943A001A32C2 /* DanmakuRetainer.m */ = {isa = PBXFileReference; fileEncoding = 4; lastKnownFileType = sourcecode.c.objc; path = DanmakuRetainer.m; sourceTree = "<group>"; };
		BC4CF15D1C9D943A001A32C2 /* DanmakuFactory.h */ = {isa = PBXFileReference; fileEncoding = 4; lastKnownFileType = sourcecode.c.h; path = DanmakuFactory.h; sourceTree = "<group>"; };
		BC4CF15E1C9D943A001A32C2 /* DanmakuFactory.m */ = {isa = PBXFileReference; fileEncoding = 4; lastKnownFileType = sourcecode.c.objc; path = DanmakuFactory.m; sourceTree = "<group>"; };
		BC4CF15F1C9D943A001A32C2 /* DanmakuFilter.h */ = {isa = PBXFileReference; fileEncoding = 4; lastKnownFileType = sourcecode.c.h; path = DanmakuFilter.h; sourceTree = "<group>"; };
		BC4CF1601C9D943A001A32C2 /* DanmakuFilter.m */ = {isa = PBXFileReference; fileEncoding = 4; lastKnownFileType = sourcecode.c.objc; path = DanmakuFilter.m; sourceTree = "<group>"; };
		BC4CF1681C9D9468001A32C2 /* danmakufile */ = {isa = PBXFileReference; fileEncoding = 4; lastKnownFileType = text.xml; path = danmakufile; sourceTree = "<group>"; };
/* End PBXFileReference section */

/* Begin PBXFrameworksBuildPhase section */
		BC4CF1251C9D8F2B001A32C2 /* Frameworks */ = {
			isa = PBXFrameworksBuildPhase;
			buildActionMask = 2147483647;
			files = (
			);
			runOnlyForDeploymentPostprocessing = 0;
		};
/* End PBXFrameworksBuildPhase section */

/* Begin PBXGroup section */
		BC4CF11F1C9D8F2A001A32C2 = {
			isa = PBXGroup;
			children = (
				BC4CF12A1C9D8F2B001A32C2 /* SuDanmu */,
				BC4CF1291C9D8F2B001A32C2 /* Products */,
			);
			sourceTree = "<group>";
		};
		BC4CF1291C9D8F2B001A32C2 /* Products */ = {
			isa = PBXGroup;
			children = (
				BC4CF1281C9D8F2B001A32C2 /* SuDanmu.app */,
			);
			name = Products;
			sourceTree = "<group>";
		};
		BC4CF12A1C9D8F2B001A32C2 /* SuDanmu */ = {
			isa = PBXGroup;
			children = (
				BC4CF14F1C9D943A001A32C2 /* HJDanmaku */,
				BC4CF12E1C9D8F2B001A32C2 /* AppDelegate.h */,
				BC4CF12F1C9D8F2B001A32C2 /* AppDelegate.m */,
				BC4CF1311C9D8F2B001A32C2 /* ViewController.h */,
				BC4CF1321C9D8F2B001A32C2 /* ViewController.m */,
				BC4CF1681C9D9468001A32C2 /* danmakufile */,
				BC4CF1341C9D8F2B001A32C2 /* Main.storyboard */,
				BC4CF1371C9D8F2B001A32C2 /* Assets.xcassets */,
				BC4CF1391C9D8F2B001A32C2 /* LaunchScreen.storyboard */,
				BC4CF13C1C9D8F2B001A32C2 /* Info.plist */,
				BC4CF1421C9D91D6001A32C2 /* img */,
				BC4CF12B1C9D8F2B001A32C2 /* Supporting Files */,
			);
			path = SuDanmu;
			sourceTree = "<group>";
		};
		BC4CF12B1C9D8F2B001A32C2 /* Supporting Files */ = {
			isa = PBXGroup;
			children = (
				BC4CF12C1C9D8F2B001A32C2 /* main.m */,
			);
			name = "Supporting Files";
			sourceTree = "<group>";
		};
		BC4CF1421C9D91D6001A32C2 /* img */ = {
			isa = PBXGroup;
			children = (
				BC4CF1431C9D91EC001A32C2 /* 0.jpg */,
				BC4CF1441C9D91EC001A32C2 /* 1.jpg */,
				BC4CF1451C9D91EC001A32C2 /* 2.jpg */,
				BC4CF1461C9D91EC001A32C2 /* 3.jpg */,
				BC4CF1471C9D91EC001A32C2 /* 4.jpg */,
				BC4CF1481C9D91EC001A32C2 /* 5.jpg */,
			);
			name = img;
			sourceTree = "<group>";
		};
		BC4CF14F1C9D943A001A32C2 /* HJDanmaku */ = {
			isa = PBXGroup;
			children = (
				BC4CF1501C9D943A001A32C2 /* DanmakuView.h */,
				BC4CF1511C9D943A001A32C2 /* DanmakuView.m */,
				BC4CF1521C9D943A001A32C2 /* Model */,
				BC4CF1571C9D943A001A32C2 /* Renderer */,
				BC4CF15C1C9D943A001A32C2 /* Util */,
			);
			path = HJDanmaku;
			sourceTree = "<group>";
		};
		BC4CF1521C9D943A001A32C2 /* Model */ = {
			isa = PBXGroup;
			children = (
				BC4CF1531C9D943A001A32C2 /* DanmakuBaseModel.h */,
				BC4CF1541C9D943A001A32C2 /* DanmakuBaseModel.m */,
				BC4CF1551C9D943A001A32C2 /* DanmakuTime.h */,
				BC4CF1561C9D943A001A32C2 /* DanmakuTime.m */,
			);
			path = Model;
			sourceTree = "<group>";
		};
		BC4CF1571C9D943A001A32C2 /* Renderer */ = {
			isa = PBXGroup;
			children = (
				BC4CF1581C9D943A001A32C2 /* DanmakuRenderer.h */,
				BC4CF1591C9D943A001A32C2 /* DanmakuRenderer.m */,
				BC4CF15A1C9D943A001A32C2 /* DanmakuRetainer.h */,
				BC4CF15B1C9D943A001A32C2 /* DanmakuRetainer.m */,
			);
			path = Renderer;
			sourceTree = "<group>";
		};
		BC4CF15C1C9D943A001A32C2 /* Util */ = {
			isa = PBXGroup;
			children = (
				BC4CF15D1C9D943A001A32C2 /* DanmakuFactory.h */,
				BC4CF15E1C9D943A001A32C2 /* DanmakuFactory.m */,
				BC4CF15F1C9D943A001A32C2 /* DanmakuFilter.h */,
				BC4CF1601C9D943A001A32C2 /* DanmakuFilter.m */,
			);
			path = Util;
			sourceTree = "<group>";
		};
/* End PBXGroup section */

/* Begin PBXNativeTarget section */
		BC4CF1271C9D8F2B001A32C2 /* SuDanmu */ = {
			isa = PBXNativeTarget;
			buildConfigurationList = BC4CF13F1C9D8F2B001A32C2 /* Build configuration list for PBXNativeTarget "SuDanmu" */;
			buildPhases = (
				BC4CF1241C9D8F2B001A32C2 /* Sources */,
				BC4CF1251C9D8F2B001A32C2 /* Frameworks */,
				BC4CF1261C9D8F2B001A32C2 /* Resources */,
			);
			buildRules = (
			);
			dependencies = (
			);
			name = SuDanmu;
			productName = SuDanmu;
			productReference = BC4CF1281C9D8F2B001A32C2 /* SuDanmu.app */;
			productType = "com.apple.product-type.application";
		};
/* End PBXNativeTarget section */

/* Begin PBXProject section */
		BC4CF1201C9D8F2A001A32C2 /* Project object */ = {
			isa = PBXProject;
			attributes = {
				LastUpgradeCheck = 0720;
				ORGANIZATIONNAME = AbelSu;
				TargetAttributes = {
					BC4CF1271C9D8F2B001A32C2 = {
						CreatedOnToolsVersion = 7.2;
						DevelopmentTeam = AAAX54XHMU;
					};
				};
			};
			buildConfigurationList = BC4CF1231C9D8F2A001A32C2 /* Build configuration list for PBXProject "SuDanmu" */;
			compatibilityVersion = "Xcode 3.2";
			developmentRegion = English;
			hasScannedForEncodings = 0;
			knownRegions = (
				en,
				Base,
			);
			mainGroup = BC4CF11F1C9D8F2A001A32C2;
			productRefGroup = BC4CF1291C9D8F2B001A32C2 /* Products */;
			projectDirPath = "";
			projectRoot = "";
			targets = (
				BC4CF1271C9D8F2B001A32C2 /* SuDanmu */,
			);
		};
/* End PBXProject section */

/* Begin PBXResourcesBuildPhase section */
		BC4CF1261C9D8F2B001A32C2 /* Resources */ = {
			isa = PBXResourcesBuildPhase;
			buildActionMask = 2147483647;
			files = (
				BC4CF14D1C9D91EC001A32C2 /* 4.jpg in Resources */,
				BC4CF14B1C9D91EC001A32C2 /* 2.jpg in Resources */,
				BC4CF1491C9D91EC001A32C2 /* 0.jpg in Resources */,
				BC4CF14E1C9D91EC001A32C2 /* 5.jpg in Resources */,
				BC4CF1691C9D9468001A32C2 /* danmakufile in Resources */,
				BC4CF13B1C9D8F2B001A32C2 /* LaunchScreen.storyboard in Resources */,
				BC4CF1381C9D8F2B001A32C2 /* Assets.xcassets in Resources */,
				BC4CF1361C9D8F2B001A32C2 /* Main.storyboard in Resources */,
				BC4CF14C1C9D91EC001A32C2 /* 3.jpg in Resources */,
				BC4CF14A1C9D91EC001A32C2 /* 1.jpg in Resources */,
			);
			runOnlyForDeploymentPostprocessing = 0;
		};
/* End PBXResourcesBuildPhase section */

/* Begin PBXSourcesBuildPhase section */
		BC4CF1241C9D8F2B001A32C2 /* Sources */ = {
			isa = PBXSourcesBuildPhase;
			buildActionMask = 2147483647;
			files = (
				BC4CF1661C9D943A001A32C2 /* DanmakuFactory.m in Sources */,
				BC4CF1631C9D943A001A32C2 /* DanmakuTime.m in Sources */,
				BC4CF1641C9D943A001A32C2 /* DanmakuRenderer.m in Sources */,
				BC4CF1621C9D943A001A32C2 /* DanmakuBaseModel.m in Sources */,
				BC4CF1611C9D943A001A32C2 /* DanmakuView.m in Sources */,
				BC4CF1671C9D943A001A32C2 /* DanmakuFilter.m in Sources */,
				BC4CF1331C9D8F2B001A32C2 /* ViewController.m in Sources */,
				BC4CF1301C9D8F2B001A32C2 /* AppDelegate.m in Sources */,
				BC4CF12D1C9D8F2B001A32C2 /* main.m in Sources */,
				BC4CF1651C9D943A001A32C2 /* DanmakuRetainer.m in Sources */,
			);
			runOnlyForDeploymentPostprocessing = 0;
		};
/* End PBXSourcesBuildPhase section */

/* Begin PBXVariantGroup section */
		BC4CF1341C9D8F2B001A32C2 /* Main.storyboard */ = {
			isa = PBXVariantGroup;
			children = (
				BC4CF1351C9D8F2B001A32C2 /* Base */,
			);
			name = Main.storyboard;
			sourceTree = "<group>";
		};
		BC4CF1391C9D8F2B001A32C2 /* LaunchScreen.storyboard */ = {
			isa = PBXVariantGroup;
			children = (
				BC4CF13A1C9D8F2B001A32C2 /* Base */,
			);
			name = LaunchScreen.storyboard;
			sourceTree = "<group>";
		};
/* End PBXVariantGroup section */

/* Begin XCBuildConfiguration section */
		BC4CF13D1C9D8F2B001A32C2 /* Debug */ = {
			isa = XCBuildConfiguration;
			buildSettings = {
				ALWAYS_SEARCH_USER_PATHS = NO;
				CLANG_CXX_LANGUAGE_STANDARD = "gnu++0x";
				CLANG_CXX_LIBRARY = "libc++";
				CLANG_ENABLE_MODULES = YES;
				CLANG_ENABLE_OBJC_ARC = YES;
				CLANG_WARN_BOOL_CONVERSION = YES;
				CLANG_WARN_CONSTANT_CONVERSION = YES;
				CLANG_WARN_DIRECT_OBJC_ISA_USAGE = YES_ERROR;
				CLANG_WARN_EMPTY_BODY = YES;
				CLANG_WARN_ENUM_CONVERSION = YES;
				CLANG_WARN_INT_CONVERSION = YES;
				CLANG_WARN_OBJC_ROOT_CLASS = YES_ERROR;
				CLANG_WARN_UNREACHABLE_CODE = YES;
				CLANG_WARN__DUPLICATE_METHOD_MATCH = YES;
				"CODE_SIGN_IDENTITY[sdk=iphoneos*]" = "iPhone Developer";
				COPY_PHASE_STRIP = NO;
				DEBUG_INFORMATION_FORMAT = dwarf;
				ENABLE_STRICT_OBJC_MSGSEND = YES;
				ENABLE_TESTABILITY = YES;
				GCC_C_LANGUAGE_STANDARD = gnu99;
				GCC_DYNAMIC_NO_PIC = NO;
				GCC_NO_COMMON_BLOCKS = YES;
				GCC_OPTIMIZATION_LEVEL = 0;
				GCC_PREPROCESSOR_DEFINITIONS = (
					"DEBUG=1",
					"$(inherited)",
				);
				GCC_WARN_64_TO_32_BIT_CONVERSION = YES;
				GCC_WARN_ABOUT_RETURN_TYPE = YES_ERROR;
				GCC_WARN_UNDECLARED_SELECTOR = YES;
				GCC_WARN_UNINITIALIZED_AUTOS = YES_AGGRESSIVE;
				GCC_WARN_UNUSED_FUNCTION = YES;
				GCC_WARN_UNUSED_VARIABLE = YES;
				IPHONEOS_DEPLOYMENT_TARGET = 9.2;
				MTL_ENABLE_DEBUG_INFO = YES;
				ONLY_ACTIVE_ARCH = YES;
				SDKROOT = iphoneos;
			};
			name = Debug;
		};
		BC4CF13E1C9D8F2B001A32C2 /* Release */ = {
			isa = XCBuildConfiguration;
			buildSettings = {
				ALWAYS_SEARCH_USER_PATHS = NO;
				CLANG_CXX_LANGUAGE_STANDARD = "gnu++0x";
				CLANG_CXX_LIBRARY = "libc++";
				CLANG_ENABLE_MODULES = YES;
				CLANG_ENABLE_OBJC_ARC = YES;
				CLANG_WARN_BOOL_CONVERSION = YES;
				CLANG_WARN_CONSTANT_CONVERSION = YES;
				CLANG_WARN_DIRECT_OBJC_ISA_USAGE = YES_ERROR;
				CLANG_WARN_EMPTY_BODY = YES;
				CLANG_WARN_ENUM_CONVERSION = YES;
				CLANG_WARN_INT_CONVERSION = YES;
				CLANG_WARN_OBJC_ROOT_CLASS = YES_ERROR;
				CLANG_WARN_UNREACHABLE_CODE = YES;
				CLANG_WARN__DUPLICATE_METHOD_MATCH = YES;
				"CODE_SIGN_IDENTITY[sdk=iphoneos*]" = "iPhone Developer";
				COPY_PHASE_STRIP = NO;
				DEBUG_INFORMATION_FORMAT = "dwarf-with-dsym";
				ENABLE_NS_ASSERTIONS = NO;
				ENABLE_STRICT_OBJC_MSGSEND = YES;
				GCC_C_LANGUAGE_STANDARD = gnu99;
				GCC_NO_COMMON_BLOCKS = YES;
				GCC_WARN_64_TO_32_BIT_CONVERSION = YES;
				GCC_WARN_ABOUT_RETURN_TYPE = YES_ERROR;
				GCC_WARN_UNDECLARED_SELECTOR = YES;
				GCC_WARN_UNINITIALIZED_AUTOS = YES_AGGRESSIVE;
				GCC_WARN_UNUSED_FUNCTION = YES;
				GCC_WARN_UNUSED_VARIABLE = YES;
				IPHONEOS_DEPLOYMENT_TARGET = 9.2;
				MTL_ENABLE_DEBUG_INFO = NO;
				SDKROOT = iphoneos;
				VALIDATE_PRODUCT = YES;
			};
			name = Release;
		};
		BC4CF1401C9D8F2B001A32C2 /* Debug */ = {
			isa = XCBuildConfiguration;
			buildSettings = {
				ASSETCATALOG_COMPILER_APPICON_NAME = AppIcon;
				INFOPLIST_FILE = SuDanmu/Info.plist;
				LD_RUNPATH_SEARCH_PATHS = "$(inherited) @executable_path/Frameworks";
				PRODUCT_BUNDLE_IDENTIFIER = cn.com.subin.SuDanmu;
				PRODUCT_NAME = "$(TARGET_NAME)";
			};
			name = Debug;
		};
		BC4CF1411C9D8F2B001A32C2 /* Release */ = {
			isa = XCBuildConfiguration;
			buildSettings = {
				ASSETCATALOG_COMPILER_APPICON_NAME = AppIcon;
				INFOPLIST_FILE = SuDanmu/Info.plist;
				LD_RUNPATH_SEARCH_PATHS = "$(inherited) @executable_path/Frameworks";
				PRODUCT_BUNDLE_IDENTIFIER = cn.com.subin.SuDanmu;
				PRODUCT_NAME = "$(TARGET_NAME)";
			};
			name = Release;
		};
/* End XCBuildConfiguration section */

/* Begin XCConfigurationList section */
		BC4CF1231C9D8F2A001A32C2 /* Build configuration list for PBXProject "SuDanmu" */ = {
			isa = XCConfigurationList;
			buildConfigurations = (
				BC4CF13D1C9D8F2B001A32C2 /* Debug */,
				BC4CF13E1C9D8F2B001A32C2 /* Release */,
			);
			defaultConfigurationIsVisible = 0;
			defaultConfigurationName = Release;
		};
		BC4CF13F1C9D8F2B001A32C2 /* Build configuration list for PBXNativeTarget "SuDanmu" */ = {
			isa = XCConfigurationList;
			buildConfigurations = (
				BC4CF1401C9D8F2B001A32C2 /* Debug */,
				BC4CF1411C9D8F2B001A32C2 /* Release */,
			);
			defaultConfigurationIsVisible = 0;
		};
/* End XCConfigurationList section */
	};
	rootObject = BC4CF1201C9D8F2A001A32C2 /* Project object */;
}
